{
  "version": 4,
  "terraform_version": "1.5.6",
  "serial": 36,
  "lineage": "2f66cef2-d78d-99af-102a-a8f97b472807",
  "outputs": {
    "managed_instance_id": {
      "value": null,
      "type": "string"
    },
    "network_security_group_id": {
      "value": "/subscriptions/edf6dd9d-7c4a-4bca-a997-945f3d60cf4e/resourceGroups/RG-ALLRegion-Automation-Team/providers/Microsoft.Network/networkSecurityGroups/avm-eagle-nsg",
      "type": "string"
    },
    "resource_group_id": {
      "value": "/subscriptions/edf6dd9d-7c4a-4bca-a997-945f3d60cf4e/resourceGroups/RG-ALLRegion-Automation-Team",
      "type": "string"
    },
    "route_table_id": {
      "value": "/subscriptions/edf6dd9d-7c4a-4bca-a997-945f3d60cf4e/resourceGroups/RG-ALLRegion-Automation-Team/providers/Microsoft.Network/routeTables/avm-eagle-rt",
      "type": "string"
    },
    "subnet_id": {
      "value": "/subscriptions/edf6dd9d-7c4a-4bca-a997-945f3d60cf4e/resourceGroups/RG-ALLRegion-Automation-Team/providers/Microsoft.Network/virtualNetworks/avm-eagle-vnet/subnets/avm-eagle-subnet",
      "type": "string"
    },
    "virtual_network_id": {
      "value": "/subscriptions/edf6dd9d-7c4a-4bca-a997-945f3d60cf4e/resourceGroups/RG-ALLRegion-Automation-Team/providers/Microsoft.Network/virtualNetworks/avm-eagle-vnet",
      "type": "string"
    }
  },
  "resources": [
    {
      "mode": "managed",
      "type": "azurerm_network_security_group",
      "name": "example",
      "provider": "provider[\"registry.terraform.io/hashicorp/azurerm\"]",
      "instances": [
        {
          "schema_version": 0,
          "attributes": {
            "id": "/subscriptions/edf6dd9d-7c4a-4bca-a997-945f3d60cf4e/resourceGroups/RG-ALLRegion-Automation-Team/providers/Microsoft.Network/networkSecurityGroups/avm-eagle-nsg",
            "location": "eastus",
            "name": "avm-eagle-nsg",
            "resource_group_name": "RG-ALLRegion-Automation-Team",
            "security_rule": [],
            "tags": null,
            "timeouts": null
          },
          "sensitive_attributes": [],
          "private": "eyJlMmJmYjczMC1lY2FhLTExZTYtOGY4OC0zNDM2M2JjN2M0YzAiOnsiY3JlYXRlIjoxODAwMDAwMDAwMDAwLCJkZWxldGUiOjE4MDAwMDAwMDAwMDAsInJlYWQiOjMwMDAwMDAwMDAwMCwidXBkYXRlIjoxODAwMDAwMDAwMDAwfX0=",
          "dependencies": [
            "azurerm_resource_group.example",
            "random_pet.prefix"
          ]
        }
      ]
    },
    {
      "mode": "managed",
      "type": "azurerm_resource_group",
      "name": "example",
      "provider": "provider[\"registry.terraform.io/hashicorp/azurerm\"]",
      "instances": [
        {
          "schema_version": 0,
          "attributes": {
            "id": "/subscriptions/edf6dd9d-7c4a-4bca-a997-945f3d60cf4e/resourceGroups/RG-ALLRegion-Automation-Team",
            "location": "eastus",
            "managed_by": "",
            "name": "RG-ALLRegion-Automation-Team",
            "tags": {},
            "timeouts": null
          },
          "sensitive_attributes": [],
          "private": "eyJlMmJmYjczMC1lY2FhLTExZTYtOGY4OC0zNDM2M2JjN2M0YzAiOnsiY3JlYXRlIjo1NDAwMDAwMDAwMDAwLCJkZWxldGUiOjU0MDAwMDAwMDAwMDAsInJlYWQiOjMwMDAwMDAwMDAwMCwidXBkYXRlIjo1NDAwMDAwMDAwMDAwfX0="
        }
      ]
    },
    {
      "mode": "managed",
      "type": "azurerm_route_table",
      "name": "example",
      "provider": "provider[\"registry.terraform.io/hashicorp/azurerm\"]",
      "instances": [
        {
          "schema_version": 0,
          "attributes": {
            "disable_bgp_route_propagation": false,
            "id": "/subscriptions/edf6dd9d-7c4a-4bca-a997-945f3d60cf4e/resourceGroups/RG-ALLRegion-Automation-Team/providers/Microsoft.Network/routeTables/avm-eagle-rt",
            "location": "eastus",
            "name": "avm-eagle-rt",
            "resource_group_name": "RG-ALLRegion-Automation-Team",
            "route": [],
            "subnets": [],
            "tags": null,
            "timeouts": null
          },
          "sensitive_attributes": [],
          "private": "eyJlMmJmYjczMC1lY2FhLTExZTYtOGY4OC0zNDM2M2JjN2M0YzAiOnsiY3JlYXRlIjoxODAwMDAwMDAwMDAwLCJkZWxldGUiOjE4MDAwMDAwMDAwMDAsInJlYWQiOjMwMDAwMDAwMDAwMCwidXBkYXRlIjoxODAwMDAwMDAwMDAwfX0=",
          "dependencies": [
            "azurerm_resource_group.example",
            "random_pet.prefix"
          ]
        }
      ]
    },
    {
      "mode": "managed",
      "type": "azurerm_subnet",
      "name": "example",
      "provider": "provider[\"registry.terraform.io/hashicorp/azurerm\"]",
      "instances": [
        {
          "schema_version": 0,
          "attributes": {
            "address_prefixes": [
              "10.0.1.0/24"
            ],
            "delegation": [
              {
                "name": "managedinstancedelegation",
                "service_delegation": [
                  {
                    "actions": [
                      "Microsoft.Network/virtualNetworks/subnets/join/action",
                      "Microsoft.Network/virtualNetworks/subnets/prepareNetworkPolicies/action",
                      "Microsoft.Network/virtualNetworks/subnets/unprepareNetworkPolicies/action"
                    ],
                    "name": "Microsoft.Sql/managedInstances"
                  }
                ]
              }
            ],
            "enforce_private_link_endpoint_network_policies": false,
            "enforce_private_link_service_network_policies": false,
            "id": "/subscriptions/edf6dd9d-7c4a-4bca-a997-945f3d60cf4e/resourceGroups/RG-ALLRegion-Automation-Team/providers/Microsoft.Network/virtualNetworks/avm-eagle-vnet/subnets/avm-eagle-subnet",
            "name": "avm-eagle-subnet",
            "private_endpoint_network_policies_enabled": true,
            "private_link_service_network_policies_enabled": true,
            "resource_group_name": "RG-ALLRegion-Automation-Team",
            "service_endpoint_policy_ids": null,
            "service_endpoints": null,
            "timeouts": null,
            "virtual_network_name": "avm-eagle-vnet"
          },
          "sensitive_attributes": [],
          "private": "eyJlMmJmYjczMC1lY2FhLTExZTYtOGY4OC0zNDM2M2JjN2M0YzAiOnsiY3JlYXRlIjoxODAwMDAwMDAwMDAwLCJkZWxldGUiOjE4MDAwMDAwMDAwMDAsInJlYWQiOjMwMDAwMDAwMDAwMCwidXBkYXRlIjoxODAwMDAwMDAwMDAwfX0=",
          "dependencies": [
            "azurerm_resource_group.example",
            "azurerm_virtual_network.example",
            "random_pet.prefix"
          ]
        }
      ]
    },
    {
      "mode": "managed",
      "type": "azurerm_subnet_network_security_group_association",
      "name": "example",
      "provider": "provider[\"registry.terraform.io/hashicorp/azurerm\"]",
      "instances": [
        {
          "schema_version": 0,
          "attributes": {
            "id": "/subscriptions/edf6dd9d-7c4a-4bca-a997-945f3d60cf4e/resourceGroups/RG-ALLRegion-Automation-Team/providers/Microsoft.Network/virtualNetworks/avm-eagle-vnet/subnets/avm-eagle-subnet",
            "network_security_group_id": "/subscriptions/edf6dd9d-7c4a-4bca-a997-945f3d60cf4e/resourceGroups/RG-ALLRegion-Automation-Team/providers/Microsoft.Network/networkSecurityGroups/avm-eagle-nsg",
            "subnet_id": "/subscriptions/edf6dd9d-7c4a-4bca-a997-945f3d60cf4e/resourceGroups/RG-ALLRegion-Automation-Team/providers/Microsoft.Network/virtualNetworks/avm-eagle-vnet/subnets/avm-eagle-subnet",
            "timeouts": null
          },
          "sensitive_attributes": [],
          "private": "eyJlMmJmYjczMC1lY2FhLTExZTYtOGY4OC0zNDM2M2JjN2M0YzAiOnsiY3JlYXRlIjoxODAwMDAwMDAwMDAwLCJkZWxldGUiOjE4MDAwMDAwMDAwMDAsInJlYWQiOjMwMDAwMDAwMDAwMCwidXBkYXRlIjoxODAwMDAwMDAwMDAwfX0=",
          "dependencies": [
            "azurerm_network_security_group.example",
            "azurerm_resource_group.example",
            "azurerm_subnet.example",
            "azurerm_virtual_network.example",
            "random_pet.prefix"
          ]
        }
      ]
    },
    {
      "mode": "managed",
      "type": "azurerm_subnet_route_table_association",
      "name": "example",
      "provider": "provider[\"registry.terraform.io/hashicorp/azurerm\"]",
      "instances": [
        {
          "schema_version": 0,
          "attributes": {
            "id": "/subscriptions/edf6dd9d-7c4a-4bca-a997-945f3d60cf4e/resourceGroups/RG-ALLRegion-Automation-Team/providers/Microsoft.Network/virtualNetworks/avm-eagle-vnet/subnets/avm-eagle-subnet",
            "route_table_id": "/subscriptions/edf6dd9d-7c4a-4bca-a997-945f3d60cf4e/resourceGroups/RG-ALLRegion-Automation-Team/providers/Microsoft.Network/routeTables/avm-eagle-rt",
            "subnet_id": "/subscriptions/edf6dd9d-7c4a-4bca-a997-945f3d60cf4e/resourceGroups/RG-ALLRegion-Automation-Team/providers/Microsoft.Network/virtualNetworks/avm-eagle-vnet/subnets/avm-eagle-subnet",
            "timeouts": null
          },
          "sensitive_attributes": [],
          "private": "eyJlMmJmYjczMC1lY2FhLTExZTYtOGY4OC0zNDM2M2JjN2M0YzAiOnsiY3JlYXRlIjoxODAwMDAwMDAwMDAwLCJkZWxldGUiOjE4MDAwMDAwMDAwMDAsInJlYWQiOjMwMDAwMDAwMDAwMCwidXBkYXRlIjoxODAwMDAwMDAwMDAwfX0=",
          "dependencies": [
            "azurerm_resource_group.example",
            "azurerm_route_table.example",
            "azurerm_subnet.example",
            "azurerm_virtual_network.example",
            "random_pet.prefix"
          ]
        }
      ]
    },
    {
      "mode": "managed",
      "type": "azurerm_virtual_network",
      "name": "example",
      "provider": "provider[\"registry.terraform.io/hashicorp/azurerm\"]",
      "instances": [
        {
          "schema_version": 0,
          "attributes": {
            "address_space": [
              "10.0.0.0/16"
            ],
            "bgp_community": "",
            "ddos_protection_plan": [],
            "dns_servers": [],
            "edge_zone": "",
            "encryption": [],
            "flow_timeout_in_minutes": 0,
            "guid": "7c6c12ba-40a3-489d-abcc-7343b293ce4b",
            "id": "/subscriptions/edf6dd9d-7c4a-4bca-a997-945f3d60cf4e/resourceGroups/RG-ALLRegion-Automation-Team/providers/Microsoft.Network/virtualNetworks/avm-eagle-vnet",
            "location": "eastus",
            "name": "avm-eagle-vnet",
            "resource_group_name": "RG-ALLRegion-Automation-Team",
            "subnet": [],
            "tags": null,
            "timeouts": null
          },
          "sensitive_attributes": [],
          "private": "eyJlMmJmYjczMC1lY2FhLTExZTYtOGY4OC0zNDM2M2JjN2M0YzAiOnsiY3JlYXRlIjoxODAwMDAwMDAwMDAwLCJkZWxldGUiOjE4MDAwMDAwMDAwMDAsInJlYWQiOjMwMDAwMDAwMDAwMCwidXBkYXRlIjoxODAwMDAwMDAwMDAwfX0=",
          "dependencies": [
            "azurerm_resource_group.example",
            "random_pet.prefix"
          ]
        }
      ]
    },
    {
      "mode": "managed",
      "type": "random_password",
      "name": "password",
      "provider": "provider[\"registry.terraform.io/hashicorp/random\"]",
      "instances": [
        {
          "schema_version": 3,
          "attributes": {
            "bcrypt_hash": "$2a$10$sx2M4xK0yGJGBZy7YIFzcOdv7SQBwY296awN778XO2QDipAPK5crm",
            "id": "none",
            "keepers": null,
            "length": 20,
            "lower": true,
            "min_lower": 1,
            "min_numeric": 1,
            "min_special": 1,
            "min_upper": 1,
            "number": true,
            "numeric": true,
            "override_special": null,
            "result": "3oBgcd\u003eQ$\u003e5Srv*JC3hg",
            "special": true,
            "upper": true
          },
          "sensitive_attributes": []
        }
      ]
    },
    {
      "mode": "managed",
      "type": "random_pet",
      "name": "prefix",
      "provider": "provider[\"registry.terraform.io/hashicorp/random\"]",
      "instances": [
        {
          "schema_version": 0,
          "attributes": {
            "id": "avm-eagle",
            "keepers": null,
            "length": 1,
            "prefix": "avm",
            "separator": "-"
          },
          "sensitive_attributes": []
        }
      ]
    }
  ],
  "check_results": null
}
